
Microsoft Visual Studio Solution File, Format Version 12.00
# Visual Studio 2013
VisualStudioVersion = 12.0.30501.0
MinimumVisualStudioVersion = 10.0.40219.1
Project("{2150E333-8FDC-42A3-9474-1A3956D46DE8}") = "src", "src", "{0F429F19-314C-4399-B046-3E016287623B}"
EndProject
Project("{FAE04EC0-301F-11D3-BF4B-00C04F79EFBC}") = "ScaleLibrary", "src\ScaleLibrary\ScaleLibrary.csproj", "{AAD726B9-D2C5-4607-9E97-BBE69D69CF64}"
EndProject
Global
	GlobalSection(SolutionConfigurationPlatforms) = preSolution
		Debug|Any CPU = Debug|Any CPU
		Release|Any CPU = Release|Any CPU
	EndGlobalSection
	GlobalSection(ProjectConfigurationPlatforms) = postSolution
		{AAD726B9-D2C5-4607-9E97-BBE69D69CF64}.Debug|Any CPU.ActiveCfg = Debug|Any CPU
		{AAD726B9-D2C5-4607-9E97-BBE69D69CF64}.Debug|Any CPU.Build.0 = Debug|Any CPU
		{AAD726B9-D2C5-4607-9E97-BBE69D69CF64}.Release|Any CPU.ActiveCfg = Release|Any CPU
		{AAD726B9-D2C5-4607-9E97-BBE69D69CF64}.Release|Any CPU.Build.0 = Release|Any CPU
	EndGlobalSection
	GlobalSection(SolutionProperties) = preSolution
		HideSolutionNode = FALSE
	EndGlobalSection
	GlobalSection(NestedProjects) = preSolution
		{AAD726B9-D2C5-4607-9E97-BBE69D69CF64} = {0F429F19-314C-4399-B046-3E016287623B}
	EndGlobalSection
EndGlobal
